{
  "name": "blockchain",
  "version": "1.0.0",
  "lockfileVersion": 3,
  "requires": true,
  "packages": {
    "": {
      "name": "blockchain",
      "version": "1.0.0",
      "license": "ISC",
      "dependencies": {
        "crypto-js": "^4.2.0",
        "hex2ascii": "^0.0.3"
      }
    },
    "node_modules/crypto-js": {
      "version": "4.2.0",
      "resolved": "https://registry.npmjs.org/crypto-js/-/crypto-js-4.2.0.tgz",
      "integrity": "sha512-KALDyEYgpY+Rlob/iriUtjV6d5Eq+Y191A5g4UqLAi8CyGP9N1+FdVbkc1SxKc2r4YAYqG8JzO2KGL+AizD70Q=="
    },
    "node_modules/hex2ascii": {
      "version": "0.0.3",
      "resolved": "https://registry.npmjs.org/hex2ascii/-/hex2ascii-0.0.3.tgz",
      "integrity": "sha512-3ZLMekUg0VCLy80Y9N2s+rY4urN+rsnr4b4tnMjrSQHKuUFH1YQ0Som3cjWiQQHavyFgeQoxouCr3WcNyP3hHQ==",
      "engines": {
        "node": ">=7"
      }
    }
  }
}
